
Microsoft Visual Studio Solution File, Format Version 12.00
# Visual Studio Version 16
VisualStudioVersion = 16.0.31624.102
MinimumVisualStudioVersion = 10.0.40219.1
Project("{FAE04EC0-301F-11D3-BF4B-00C04F79EFBC}") = "WebStore", "WebStore.csproj", "{67984164-10B5-428C-B807-E22FDDCE1C93}"
EndProject
Global
	GlobalSection(SolutionConfigurationPlatforms) = preSolution
		Debug|Any CPU = Debug|Any CPU
		Release|Any CPU = Release|Any CPU
	EndGlobalSection
	GlobalSection(ProjectConfigurationPlatforms) = postSolution
		{67984164-10B5-428C-B807-E22FDDCE1C93}.Debug|Any CPU.ActiveCfg = Debug|Any CPU
		{67984164-10B5-428C-B807-E22FDDCE1C93}.Debug|Any CPU.Build.0 = Debug|Any CPU
		{67984164-10B5-428C-B807-E22FDDCE1C93}.Release|Any CPU.ActiveCfg = Release|Any CPU
		{67984164-10B5-428C-B807-E22FDDCE1C93}.Release|Any CPU.Build.0 = Release|Any CPU
	EndGlobalSection
	GlobalSection(SolutionProperties) = preSolution
		HideSolutionNode = FALSE
	EndGlobalSection
	GlobalSection(ExtensibilityGlobals) = postSolution
		SolutionGuid = {3C9FE9A5-0F14-4EAC-B0E3-33F82DA34F35}
	EndGlobalSection
EndGlobal
